
Microsoft Visual Studio Solution File, Format Version 12.00
# Visual Studio 15
VisualStudioVersion = 15.0.28307.106
MinimumVisualStudioVersion = 10.0.40219.1
Project("{FAE04EC0-301F-11D3-BF4B-00C04F79EFBC}") = "PrefabContrastTool", "PrefabContrastTool\PrefabContrastTool.csproj", "{B08DB89B-88A2-4655-AE6F-82AE2E66BF71}"
EndProject
Global
	GlobalSection(SolutionConfigurationPlatforms) = preSolution
		Debug|Any CPU = Debug|Any CPU
		Release|Any CPU = Release|Any CPU
	EndGlobalSection
	GlobalSection(ProjectConfigurationPlatforms) = postSolution
		{B08DB89B-88A2-4655-AE6F-82AE2E66BF71}.Debug|Any CPU.ActiveCfg = Debug|Any CPU
		{B08DB89B-88A2-4655-AE6F-82AE2E66BF71}.Debug|Any CPU.Build.0 = Debug|Any CPU
		{B08DB89B-88A2-4655-AE6F-82AE2E66BF71}.Release|Any CPU.ActiveCfg = Release|Any CPU
		{B08DB89B-88A2-4655-AE6F-82AE2E66BF71}.Release|Any CPU.Build.0 = Release|Any CPU
	EndGlobalSection
	GlobalSection(SolutionProperties) = preSolution
		HideSolutionNode = FALSE
	EndGlobalSection
	GlobalSection(ExtensibilityGlobals) = postSolution
		SolutionGuid = {8F89DC2D-DC77-46A5-B9A7-3A6C3432024A}
	EndGlobalSection
EndGlobal
